PODS:
  - AdvancedPageControl (0.9.0)
  - SkyFloatingLabelTextField (3.8.0)

DEPENDENCIES:
  - AdvancedPageControl
  - SkyFloatingLabelTextField (~> 3.0)

SPEC REPOS:
  trunk:
    - AdvancedPageControl
    - SkyFloatingLabelTextField

SPEC CHECKSUMS:
  AdvancedPageControl: 39e3b32b00b2d324c534f8e17cc6c5be9abe84b7
  SkyFloatingLabelTextField: 5a338412114808e961fe2d14ea2c5452c8b6e4aa

PODFILE CHECKSUM: f24d42d829bb5a9eaf75525db01faf61cd4cefd1

COCOAPODS: 1.11.3
